// !$*UTF8*$!
{
	archiveVersion = 1;
	classes = {
	};
	objectVersion = 48;
	objects = {

/* Begin PBXBuildFile section */
		45C885EA1F2D61110037A764 /* MJMasks.swift in Sources */ = {isa = PBXBuildFile; fileRef = 45C885E91F2D61110037A764 /* MJMasks.swift */; };
		45C885EE1F2D6B0B0037A764 /* MJNewShip.swift in Sources */ = {isa = PBXBuildFile; fileRef = 45C885ED1F2D6B0B0037A764 /* MJNewShip.swift */; };
		45FE12051F2CD0800006EECA /* AppDelegate.swift in Sources */ = {isa = PBXBuildFile; fileRef = 45FE12041F2CD0800006EECA /* AppDelegate.swift */; };
		45FE12071F2CD0800006EECA /* art.scnassets in Resources */ = {isa = PBXBuildFile; fileRef = 45FE12061F2CD0800006EECA /* art.scnassets */; };
		45FE12091F2CD0800006EECA /* ViewController.swift in Sources */ = {isa = PBXBuildFile; fileRef = 45FE12081F2CD0800006EECA /* ViewController.swift */; };
		45FE120C1F2CD0800006EECA /* Main.storyboard in Resources */ = {isa = PBXBuildFile; fileRef = 45FE120A1F2CD0800006EECA /* Main.storyboard */; };
		45FE120E1F2CD0800006EECA /* Assets.xcassets in Resources */ = {isa = PBXBuildFile; fileRef = 45FE120D1F2CD0800006EECA /* Assets.xcassets */; };
		45FE12111F2CD0800006EECA /* LaunchScreen.storyboard in Resources */ = {isa = PBXBuildFile; fileRef = 45FE120F1F2CD0800006EECA /* LaunchScreen.storyboard */; };
		45FE121A1F2CDF6B0006EECA /* MJShipModel.swift in Sources */ = {isa = PBXBuildFile; fileRef = 45FE12191F2CDF6B0006EECA /* MJShipModel.swift */; };
		45FE121C1F2CDF9D0006EECA /* MJBulletModel.swift in Sources */ = {isa = PBXBuildFile; fileRef = 45FE121B1F2CDF9D0006EECA /* MJBulletModel.swift */; };
/* End PBXBuildFile section */

/* Begin PBXFileReference section */
		45C885E91F2D61110037A764 /* MJMasks.swift */ = {isa = PBXFileReference; lastKnownFileType = sourcecode.swift; path = MJMasks.swift; sourceTree = "<group>"; };
		45C885ED1F2D6B0B0037A764 /* MJNewShip.swift */ = {isa = PBXFileReference; lastKnownFileType = sourcecode.swift; path = MJNewShip.swift; sourceTree = "<group>"; };
		45FE12011F2CD0800006EECA /* MyARGame.app */ = {isa = PBXFileReference; explicitFileType = wrapper.application; includeInIndex = 0; path = MyARGame.app; sourceTree = BUILT_PRODUCTS_DIR; };
		45FE12041F2CD0800006EECA /* AppDelegate.swift */ = {isa = PBXFileReference; lastKnownFileType = sourcecode.swift; path = AppDelegate.swift; sourceTree = "<group>"; };
		45FE12061F2CD0800006EECA /* art.scnassets */ = {isa = PBXFileReference; lastKnownFileType = wrapper.scnassets; path = art.scnassets; sourceTree = "<group>"; };
		45FE12081F2CD0800006EECA /* ViewController.swift */ = {isa = PBXFileReference; lastKnownFileType = sourcecode.swift; path = ViewController.swift; sourceTree = "<group>"; };
		45FE120B1F2CD0800006EECA /* Base */ = {isa = PBXFileReference; lastKnownFileType = file.storyboard; name = Base; path = Base.lproj/Main.storyboard; sourceTree = "<group>"; };
		45FE120D1F2CD0800006EECA /* Assets.xcassets */ = {isa = PBXFileReference; lastKnownFileType = folder.assetcatalog; path = Assets.xcassets; sourceTree = "<group>"; };
		45FE12101F2CD0800006EECA /* Base */ = {isa = PBXFileReference; lastKnownFileType = file.storyboard; name = Base; path = Base.lproj/LaunchScreen.storyboard; sourceTree = "<group>"; };
		45FE12121F2CD0800006EECA /* Info.plist */ = {isa = PBXFileReference; lastKnownFileType = text.plist.xml; path = Info.plist; sourceTree = "<group>"; };
		45FE12191F2CDF6B0006EECA /* MJShipModel.swift */ = {isa = PBXFileReference; lastKnownFileType = sourcecode.swift; path = MJShipModel.swift; sourceTree = "<group>"; };
		45FE121B1F2CDF9D0006EECA /* MJBulletModel.swift */ = {isa = PBXFileReference; lastKnownFileType = sourcecode.swift; path = MJBulletModel.swift; sourceTree = "<group>"; };
/* End PBXFileReference section */

/* Begin PBXFrameworksBuildPhase section */
		45FE11FE1F2CD0800006EECA /* Frameworks */ = {
			isa = PBXFrameworksBuildPhase;
			buildActionMask = 2147483647;
			files = (
			);
			runOnlyForDeploymentPostprocessing = 0;
		};
/* End PBXFrameworksBuildPhase section */

/* Begin PBXGroup section */
		45C885EB1F2D6AA20037A764 /* MJService */ = {
			isa = PBXGroup;
			children = (
				45C885ED1F2D6B0B0037A764 /* MJNewShip.swift */,
			);
			path = MJService;
			sourceTree = "<group>";
		};
		45C885EC1F2D6ABC0037A764 /* Other */ = {
			isa = PBXGroup;
			children = (
				45FE12061F2CD0800006EECA /* art.scnassets */,
				45FE120A1F2CD0800006EECA /* Main.storyboard */,
				45FE120D1F2CD0800006EECA /* Assets.xcassets */,
				45FE120F1F2CD0800006EECA /* LaunchScreen.storyboard */,
				45FE12121F2CD0800006EECA /* Info.plist */,
			);
			path = Other;
			sourceTree = "<group>";
		};
		45FE11F81F2CD0800006EECA = {
			isa = PBXGroup;
			children = (
				45FE12031F2CD0800006EECA /* MyARGame */,
				45FE12021F2CD0800006EECA /* Products */,
			);
			sourceTree = "<group>";
		};
		45FE12021F2CD0800006EECA /* Products */ = {
			isa = PBXGroup;
			children = (
				45FE12011F2CD0800006EECA /* MyARGame.app */,
			);
			name = Products;
			sourceTree = "<group>";
		};
		45FE12031F2CD0800006EECA /* MyARGame */ = {
			isa = PBXGroup;
			children = (
				45FE12041F2CD0800006EECA /* AppDelegate.swift */,
				45FE12081F2CD0800006EECA /* ViewController.swift */,
				45FE12181F2CDF270006EECA /* MJModel */,
				45C885EB1F2D6AA20037A764 /* MJService */,
				45C885EC1F2D6ABC0037A764 /* Other */,
			);
			path = MyARGame;
			sourceTree = "<group>";
		};
		45FE12181F2CDF270006EECA /* MJModel */ = {
			isa = PBXGroup;
			children = (
				45FE12191F2CDF6B0006EECA /* MJShipModel.swift */,
				45FE121B1F2CDF9D0006EECA /* MJBulletModel.swift */,
				45C885E91F2D61110037A764 /* MJMasks.swift */,
			);
			path = MJModel;
			sourceTree = "<group>";
		};
/* End PBXGroup section */

/* Begin PBXNativeTarget section */
		45FE12001F2CD0800006EECA /* MyARGame */ = {
			isa = PBXNativeTarget;
			buildConfigurationList = 45FE12151F2CD0800006EECA /* Build configuration list for PBXNativeTarget "MyARGame" */;
			buildPhases = (
				45FE11FD1F2CD0800006EECA /* Sources */,
				45FE11FE1F2CD0800006EECA /* Frameworks */,
				45FE11FF1F2CD0800006EECA /* Resources */,
			);
			buildRules = (
			);
			dependencies = (
			);
			name = MyARGame;
			productName = MyARGame;
			productReference = 45FE12011F2CD0800006EECA /* MyARGame.app */;
			productType = "com.apple.product-type.application";
		};
/* End PBXNativeTarget section */

/* Begin PBXProject section */
		45FE11F91F2CD0800006EECA /* Project object */ = {
			isa = PBXProject;
			attributes = {
				LastSwiftUpdateCheck = 0900;
				LastUpgradeCheck = 0900;
				ORGANIZATIONNAME = "Michael 柏";
				TargetAttributes = {
					45FE12001F2CD0800006EECA = {
						CreatedOnToolsVersion = 9.0;
					};
				};
			};
			buildConfigurationList = 45FE11FC1F2CD0800006EECA /* Build configuration list for PBXProject "MyARGame" */;
			compatibilityVersion = "Xcode 8.0";
			developmentRegion = en;
			hasScannedForEncodings = 0;
			knownRegions = (
				en,
				Base,
			);
			mainGroup = 45FE11F81F2CD0800006EECA;
			productRefGroup = 45FE12021F2CD0800006EECA /* Products */;
			projectDirPath = "";
			projectRoot = "";
			targets = (
				45FE12001F2CD0800006EECA /* MyARGame */,
			);
		};
/* End PBXProject section */

/* Begin PBXResourcesBuildPhase section */
		45FE11FF1F2CD0800006EECA /* Resources */ = {
			isa = PBXResourcesBuildPhase;
			buildActionMask = 2147483647;
			files = (
				45FE12071F2CD0800006EECA /* art.scnassets in Resources */,
				45FE12111F2CD0800006EECA /* LaunchScreen.storyboard in Resources */,
				45FE120E1F2CD0800006EECA /* Assets.xcassets in Resources */,
				45FE120C1F2CD0800006EECA /* Main.storyboard in Resources */,
			);
			runOnlyForDeploymentPostprocessing = 0;
		};
/* End PBXResourcesBuildPhase section */

/* Begin PBXSourcesBuildPhase section */
		45FE11FD1F2CD0800006EECA /* Sources */ = {
			isa = PBXSourcesBuildPhase;
			buildActionMask = 2147483647;
			files = (
				45FE121A1F2CDF6B0006EECA /* MJShipModel.swift in Sources */,
				45C885EE1F2D6B0B0037A764 /* MJNewShip.swift in Sources */,
				45C885EA1F2D61110037A764 /* MJMasks.swift in Sources */,
				45FE12091F2CD0800006EECA /* ViewController.swift in Sources */,
				45FE121C1F2CDF9D0006EECA /* MJBulletModel.swift in Sources */,
				45FE12051F2CD0800006EECA /* AppDelegate.swift in Sources */,
			);
			runOnlyForDeploymentPostprocessing = 0;
		};
/* End PBXSourcesBuildPhase section */

/* Begin PBXVariantGroup section */
		45FE120A1F2CD0800006EECA /* Main.storyboard */ = {
			isa = PBXVariantGroup;
			children = (
				45FE120B1F2CD0800006EECA /* Base */,
			);
			name = Main.storyboard;
			sourceTree = "<group>";
		};
		45FE120F1F2CD0800006EECA /* LaunchScreen.storyboard */ = {
			isa = PBXVariantGroup;
			children = (
				45FE12101F2CD0800006EECA /* Base */,
			);
			name = LaunchScreen.storyboard;
			sourceTree = "<group>";
		};
/* End PBXVariantGroup section */

/* Begin XCBuildConfiguration section */
		45FE12131F2CD0800006EECA /* Debug */ = {
			isa = XCBuildConfiguration;
			buildSettings = {
				ALWAYS_SEARCH_USER_PATHS = NO;
				CLANG_ANALYZER_NONNULL = YES;
				CLANG_ANALYZER_NUMBER_OBJECT_CONVERSION = YES_AGGRESSIVE;
				CLANG_CXX_LANGUAGE_STANDARD = "gnu++14";
				CLANG_CXX_LIBRARY = "libc++";
				CLANG_ENABLE_MODULES = YES;
				CLANG_ENABLE_OBJC_ARC = YES;
				CLANG_WARN_BLOCK_CAPTURE_AUTORELEASING = YES;
				CLANG_WARN_BOOL_CONVERSION = YES;
				CLANG_WARN_COMMA = YES;
				CLANG_WARN_CONSTANT_CONVERSION = YES;
				CLANG_WARN_DIRECT_OBJC_ISA_USAGE = YES_ERROR;
				CLANG_WARN_DOCUMENTATION_COMMENTS = YES;
				CLANG_WARN_EMPTY_BODY = YES;
				CLANG_WARN_ENUM_CONVERSION = YES;
				CLANG_WARN_INFINITE_RECURSION = YES;
				CLANG_WARN_INT_CONVERSION = YES;
				CLANG_WARN_NON_LITERAL_NULL_CONVERSION = YES;
				CLANG_WARN_OBJC_LITERAL_CONVERSION = YES;
				CLANG_WARN_OBJC_ROOT_CLASS = YES_ERROR;
				CLANG_WARN_RANGE_LOOP_ANALYSIS = YES;
				CLANG_WARN_STRICT_PROTOTYPES = YES;
				CLANG_WARN_SUSPICIOUS_MOVE = YES;
				CLANG_WARN_UNGUARDED_AVAILABILITY = YES_AGGRESSIVE;
				CLANG_WARN_UNREACHABLE_CODE = YES;
				CLANG_WARN__DUPLICATE_METHOD_MATCH = YES;
				CODE_SIGN_IDENTITY = "iPhone Developer";
				COPY_PHASE_STRIP = NO;
				DEBUG_INFORMATION_FORMAT = dwarf;
				ENABLE_STRICT_OBJC_MSGSEND = YES;
				ENABLE_TESTABILITY = YES;
				GCC_C_LANGUAGE_STANDARD = gnu11;
				GCC_DYNAMIC_NO_PIC = NO;
				GCC_NO_COMMON_BLOCKS = YES;
				GCC_OPTIMIZATION_LEVEL = 0;
				GCC_PREPROCESSOR_DEFINITIONS = (
					"DEBUG=1",
					"$(inherited)",
				);
				GCC_WARN_64_TO_32_BIT_CONVERSION = YES;
				GCC_WARN_ABOUT_RETURN_TYPE = YES_ERROR;
				GCC_WARN_UNDECLARED_SELECTOR = YES;
				GCC_WARN_UNINITIALIZED_AUTOS = YES_AGGRESSIVE;
				GCC_WARN_UNUSED_FUNCTION = YES;
				GCC_WARN_UNUSED_VARIABLE = YES;
				IPHONEOS_DEPLOYMENT_TARGET = 11.0;
				MTL_ENABLE_DEBUG_INFO = YES;
				ONLY_ACTIVE_ARCH = YES;
				SDKROOT = iphoneos;
				SWIFT_ACTIVE_COMPILATION_CONDITIONS = DEBUG;
				SWIFT_OPTIMIZATION_LEVEL = "-Onone";
			};
			name = Debug;
		};
		45FE12141F2CD0800006EECA /* Release */ = {
			isa = XCBuildConfiguration;
			buildSettings = {
				ALWAYS_SEARCH_USER_PATHS = NO;
				CLANG_ANALYZER_NONNULL = YES;
				CLANG_ANALYZER_NUMBER_OBJECT_CONVERSION = YES_AGGRESSIVE;
				CLANG_CXX_LANGUAGE_STANDARD = "gnu++14";
				CLANG_CXX_LIBRARY = "libc++";
				CLANG_ENABLE_MODULES = YES;
				CLANG_ENABLE_OBJC_ARC = YES;
				CLANG_WARN_BLOCK_CAPTURE_AUTORELEASING = YES;
				CLANG_WARN_BOOL_CONVERSION = YES;
				CLANG_WARN_COMMA = YES;
				CLANG_WARN_CONSTANT_CONVERSION = YES;
				CLANG_WARN_DIRECT_OBJC_ISA_USAGE = YES_ERROR;
				CLANG_WARN_DOCUMENTATION_COMMENTS = YES;
				CLANG_WARN_EMPTY_BODY = YES;
				CLANG_WARN_ENUM_CONVERSION = YES;
				CLANG_WARN_INFINITE_RECURSION = YES;
				CLANG_WARN_INT_CONVERSION = YES;
				CLANG_WARN_NON_LITERAL_NULL_CONVERSION = YES;
				CLANG_WARN_OBJC_LITERAL_CONVERSION = YES;
				CLANG_WARN_OBJC_ROOT_CLASS = YES_ERROR;
				CLANG_WARN_RANGE_LOOP_ANALYSIS = YES;
				CLANG_WARN_STRICT_PROTOTYPES = YES;
				CLANG_WARN_SUSPICIOUS_MOVE = YES;
				CLANG_WARN_UNGUARDED_AVAILABILITY = YES_AGGRESSIVE;
				CLANG_WARN_UNREACHABLE_CODE = YES;
				CLANG_WARN__DUPLICATE_METHOD_MATCH = YES;
				CODE_SIGN_IDENTITY = "iPhone Developer";
				COPY_PHASE_STRIP = NO;
				DEBUG_INFORMATION_FORMAT = "dwarf-with-dsym";
				ENABLE_NS_ASSERTIONS = NO;
				ENABLE_STRICT_OBJC_MSGSEND = YES;
				GCC_C_LANGUAGE_STANDARD = gnu11;
				GCC_NO_COMMON_BLOCKS = YES;
				GCC_WARN_64_TO_32_BIT_CONVERSION = YES;
				GCC_WARN_ABOUT_RETURN_TYPE = YES_ERROR;
				GCC_WARN_UNDECLARED_SELECTOR = YES;
				GCC_WARN_UNINITIALIZED_AUTOS = YES_AGGRESSIVE;
				GCC_WARN_UNUSED_FUNCTION = YES;
				GCC_WARN_UNUSED_VARIABLE = YES;
				IPHONEOS_DEPLOYMENT_TARGET = 11.0;
				MTL_ENABLE_DEBUG_INFO = NO;
				SDKROOT = iphoneos;
				SWIFT_OPTIMIZATION_LEVEL = "-Owholemodule";
				VALIDATE_PRODUCT = YES;
			};
			name = Release;
		};
		45FE12161F2CD0800006EECA /* Debug */ = {
			isa = XCBuildConfiguration;
			buildSettings = {
				ASSETCATALOG_COMPILER_APPICON_NAME = AppIcon;
				DEVELOPMENT_TEAM = N4ZC7WBUL7;
				INFOPLIST_FILE = MyARGame/Info.plist;
				LD_RUNPATH_SEARCH_PATHS = "$(inherited) @executable_path/Frameworks";
				PRODUCT_BUNDLE_IDENTIFIER = com.Apple.MyARGame;
				PRODUCT_NAME = "$(TARGET_NAME)";
				SWIFT_VERSION = 4.0;
				TARGETED_DEVICE_FAMILY = "1,2";
			};
			name = Debug;
		};
		45FE12171F2CD0800006EECA /* Release */ = {
			isa = XCBuildConfiguration;
			buildSettings = {
				ASSETCATALOG_COMPILER_APPICON_NAME = AppIcon;
				DEVELOPMENT_TEAM = N4ZC7WBUL7;
				INFOPLIST_FILE = MyARGame/Info.plist;
				LD_RUNPATH_SEARCH_PATHS = "$(inherited) @executable_path/Frameworks";
				PRODUCT_BUNDLE_IDENTIFIER = com.Apple.MyARGame;
				PRODUCT_NAME = "$(TARGET_NAME)";
				SWIFT_VERSION = 4.0;
				TARGETED_DEVICE_FAMILY = "1,2";
			};
			name = Release;
		};
/* End XCBuildConfiguration section */

/* Begin XCConfigurationList section */
		45FE11FC1F2CD0800006EECA /* Build configuration list for PBXProject "MyARGame" */ = {
			isa = XCConfigurationList;
			buildConfigurations = (
				45FE12131F2CD0800006EECA /* Debug */,
				45FE12141F2CD0800006EECA /* Release */,
			);
			defaultConfigurationIsVisible = 0;
			defaultConfigurationName = Release;
		};
		45FE12151F2CD0800006EECA /* Build configuration list for PBXNativeTarget "MyARGame" */ = {
			isa = XCConfigurationList;
			buildConfigurations = (
				45FE12161F2CD0800006EECA /* Debug */,
				45FE12171F2CD0800006EECA /* Release */,
			);
			defaultConfigurationIsVisible = 0;
			defaultConfigurationName = Release;
		};
/* End XCConfigurationList section */
	};
	rootObject = 45FE11F91F2CD0800006EECA /* Project object */;
}
